
Microsoft Visual Studio Solution File, Format Version 12.00
# Visual Studio Version 16
VisualStudioVersion = 16.0.28803.352
MinimumVisualStudioVersion = 10.0.40219.1
Project("{8BC9CEB8-8B4A-11D0-8D11-00A0C91BC942}") = "Huffman_code", "Huffman_code.vcxproj", "{884CAE75-90CF-42DA-9116-3ED35600C8C7}"
EndProject
Global
	GlobalSection(SolutionConfigurationPlatforms) = preSolution
		Debug|x64 = Debug|x64
		Debug|x86 = Debug|x86
		Release|x64 = Release|x64
		Release|x86 = Release|x86
	EndGlobalSection
	GlobalSection(ProjectConfigurationPlatforms) = postSolution
		{884CAE75-90CF-42DA-9116-3ED35600C8C7}.Debug|x64.ActiveCfg = Debug|x64
		{884CAE75-90CF-42DA-9116-3ED35600C8C7}.Debug|x64.Build.0 = Debug|x64
		{884CAE75-90CF-42DA-9116-3ED35600C8C7}.Debug|x86.ActiveCfg = Debug|Win32
		{884CAE75-90CF-42DA-9116-3ED35600C8C7}.Debug|x86.Build.0 = Debug|Win32
		{884CAE75-90CF-42DA-9116-3ED35600C8C7}.Release|x64.ActiveCfg = Release|x64
		{884CAE75-90CF-42DA-9116-3ED35600C8C7}.Release|x64.Build.0 = Release|x64
		{884CAE75-90CF-42DA-9116-3ED35600C8C7}.Release|x86.ActiveCfg = Release|Win32
		{884CAE75-90CF-42DA-9116-3ED35600C8C7}.Release|x86.Build.0 = Release|Win32
	EndGlobalSection
	GlobalSection(SolutionProperties) = preSolution
		HideSolutionNode = FALSE
	EndGlobalSection
	GlobalSection(ExtensibilityGlobals) = postSolution
		SolutionGuid = {1EF0F44F-58F8-42F6-83F0-75BBB0B4C0F6}
	EndGlobalSection
EndGlobal
